{
  "nodes": {
    "flake-utils": {
      "inputs": {
        "systems": "systems"
      },
      "locked": {
        "lastModified": 1731533236,
        "narHash": "sha256-l0KFg5HjrsfsO/JpG+r7fRrqm12kzFHyUHqHCVpMMbI=",
        "owner": "numtide",
        "repo": "flake-utils",
        "rev": "11707dc2f618dd54ca8739b309ec4fc024de578b",
        "type": "github"
      },
      "original": {
        "owner": "numtide",
        "repo": "flake-utils",
        "type": "github"
      }
    },
    "nixpkgs": {
      "locked": {
        "lastModified": 1762089827,
        "narHash": "sha256-EEtVRV7DuX2cUw8BU4yf++wmKeRqQX4PVydgMWyId/0=",
        "owner": "NixOS",
        "repo": "nixpkgs",
        "rev": "d6fd759574e957cad8699345deaee7fd014f1b75",
        "type": "github"
      },
      "original": {
        "owner": "NixOS",
        "repo": "nixpkgs",
        "type": "github"
      }
    },
    "python-velbustcp": {
      "flake": false,
      "locked": {
        "lastModified": 1743406566,
        "narHash": "sha256-CgVUS5CFxM3Auzm2Og5tDBoOLszX42t7M2dP/Nb8668=",
        "owner": "velbus",
        "repo": "python-velbustcp",
        "rev": "7eb4da4b5a7c1d3a861c6f16c7060e3edd989057",
        "type": "github"
      },
      "original": {
        "owner": "velbus",
        "repo": "python-velbustcp",
        "type": "github"
      }
    },
    "root": {
      "inputs": {
        "flake-utils": "flake-utils",
        "nixpkgs": "nixpkgs",
        "python-velbustcp": "python-velbustcp"
      }
    },
    "systems": {
      "locked": {
        "lastModified": 1681028828,
        "narHash": "sha256-Vy1rq5AaRuLzOxct8nz4T6wlgyUR7zLU309k9mBC768=",
        "owner": "nix-systems",
        "repo": "default",
        "rev": "da67096a3b9bf56a91d16901293e51ba5b49a27e",
        "type": "github"
      },
      "original": {
        "owner": "nix-systems",
        "repo": "default",
        "type": "github"
      }
    }
  },
  "root": "root",
  "version": 7
}
